
Microsoft Visual Studio Solution File, Format Version 12.00
# Visual Studio 15
VisualStudioVersion = 15.0.26430.15
MinimumVisualStudioVersion = 10.0.40219.1
Project("{8BC9CEB8-8B4A-11D0-8D11-00A0C91BC942}") = "game", "game.vcxproj", "{458FA915-1A5D-45C1-AEEC-E4812DDFB33D}"
	ProjectSection(ProjectDependencies) = postProject
		{612723C5-B21E-4FE6-AA7A-3496E0E8E74E} = {612723C5-B21E-4FE6-AA7A-3496E0E8E74E}
	EndProjectSection
EndProject
Project("{8BC9CEB8-8B4A-11D0-8D11-00A0C91BC942}") = "Lua", "external\lua\Lua.vcxproj", "{612723C5-B21E-4FE6-AA7A-3496E0E8E74E}"
EndProject
Global
	GlobalSection(SolutionConfigurationPlatforms) = preSolution
		Debug|x64 = Debug|x64
		Debug|x86 = Debug|x86
		Development|x64 = Development|x64
		Development|x86 = Development|x86
		Release|x64 = Release|x64
		Release|x86 = Release|x86
	EndGlobalSection
	GlobalSection(ProjectConfigurationPlatforms) = postSolution
		{458FA915-1A5D-45C1-AEEC-E4812DDFB33D}.Debug|x64.ActiveCfg = Debug|x64
		{458FA915-1A5D-45C1-AEEC-E4812DDFB33D}.Debug|x64.Build.0 = Debug|x64
		{458FA915-1A5D-45C1-AEEC-E4812DDFB33D}.Debug|x86.ActiveCfg = Debug|Win32
		{458FA915-1A5D-45C1-AEEC-E4812DDFB33D}.Debug|x86.Build.0 = Debug|Win32
		{458FA915-1A5D-45C1-AEEC-E4812DDFB33D}.Development|x64.ActiveCfg = Development|x64
		{458FA915-1A5D-45C1-AEEC-E4812DDFB33D}.Development|x64.Build.0 = Development|x64
		{458FA915-1A5D-45C1-AEEC-E4812DDFB33D}.Development|x86.ActiveCfg = Development|Win32
		{458FA915-1A5D-45C1-AEEC-E4812DDFB33D}.Development|x86.Build.0 = Development|Win32
		{458FA915-1A5D-45C1-AEEC-E4812DDFB33D}.Release|x64.ActiveCfg = Release|x64
		{458FA915-1A5D-45C1-AEEC-E4812DDFB33D}.Release|x64.Build.0 = Release|x64
		{458FA915-1A5D-45C1-AEEC-E4812DDFB33D}.Release|x86.ActiveCfg = Release|Win32
		{458FA915-1A5D-45C1-AEEC-E4812DDFB33D}.Release|x86.Build.0 = Release|Win32
		{612723C5-B21E-4FE6-AA7A-3496E0E8E74E}.Debug|x64.ActiveCfg = Debug|x64
		{612723C5-B21E-4FE6-AA7A-3496E0E8E74E}.Debug|x64.Build.0 = Debug|x64
		{612723C5-B21E-4FE6-AA7A-3496E0E8E74E}.Debug|x86.ActiveCfg = Debug|Win32
		{612723C5-B21E-4FE6-AA7A-3496E0E8E74E}.Debug|x86.Build.0 = Debug|Win32
		{612723C5-B21E-4FE6-AA7A-3496E0E8E74E}.Development|x64.ActiveCfg = Development|x64
		{612723C5-B21E-4FE6-AA7A-3496E0E8E74E}.Development|x64.Build.0 = Development|x64
		{612723C5-B21E-4FE6-AA7A-3496E0E8E74E}.Development|x86.ActiveCfg = Development|Win32
		{612723C5-B21E-4FE6-AA7A-3496E0E8E74E}.Development|x86.Build.0 = Development|Win32
		{612723C5-B21E-4FE6-AA7A-3496E0E8E74E}.Release|x64.ActiveCfg = Release|x64
		{612723C5-B21E-4FE6-AA7A-3496E0E8E74E}.Release|x64.Build.0 = Release|x64
		{612723C5-B21E-4FE6-AA7A-3496E0E8E74E}.Release|x86.ActiveCfg = Release|Win32
		{612723C5-B21E-4FE6-AA7A-3496E0E8E74E}.Release|x86.Build.0 = Release|Win32
	EndGlobalSection
	GlobalSection(SolutionProperties) = preSolution
		HideSolutionNode = FALSE
	EndGlobalSection
	GlobalSection(Performance) = preSolution
		HasPerformanceSessions = true
	EndGlobalSection
EndGlobal
